
Microsoft Visual Studio Solution File, Format Version 12.00
# Visual Studio 2012
Project("{8BC9CEB8-8B4A-11D0-8D11-00A0C91BC942}") = "KiwiMaoGame", "KiwiMaoGame\KiwiMaoGame.vcxproj", "{BEA118E9-4C08-45A4-8047-F3B4F2337CC0}"
EndProject
Project("{2150E333-8FDC-42A3-9474-1A3956D46DE8}") = "Solution Items", "Solution Items", "{56B6C038-F9FB-4B25-B91C-FEA02ABF91C6}"
EndProject
Global
	GlobalSection(SolutionConfigurationPlatforms) = preSolution
		Debug|Win32 = Debug|Win32
		Release|Win32 = Release|Win32
	EndGlobalSection
	GlobalSection(ProjectConfigurationPlatforms) = postSolution
		{BEA118E9-4C08-45A4-8047-F3B4F2337CC0}.Debug|Win32.ActiveCfg = Debug|Win32
		{BEA118E9-4C08-45A4-8047-F3B4F2337CC0}.Debug|Win32.Build.0 = Debug|Win32
		{BEA118E9-4C08-45A4-8047-F3B4F2337CC0}.Release|Win32.ActiveCfg = Release|Win32
		{BEA118E9-4C08-45A4-8047-F3B4F2337CC0}.Release|Win32.Build.0 = Release|Win32
	EndGlobalSection
	GlobalSection(SolutionProperties) = preSolution
		HideSolutionNode = FALSE
	EndGlobalSection
EndGlobal
